
Microsoft Visual Studio Solution File, Format Version 12.00
Project("{FAE04EC0-301F-11D3-BF4B-00C04F79EFBC}") = "Brigitta", "Brigitta\Brigitta.csproj", "{1BCE0C96-7F2D-4979-94EC-185298C8CA4D}"
EndProject
Project("{FAE04EC0-301F-11D3-BF4B-00C04F79EFBC}") = "BrigittaBlazor", "BrigittaBlazor\BrigittaBlazor.csproj", "{7C248D66-701B-42B2-A4C0-B0026CA3A56A}"
EndProject
Global
	GlobalSection(SolutionConfigurationPlatforms) = preSolution
		Debug|Any CPU = Debug|Any CPU
		Release|Any CPU = Release|Any CPU
	EndGlobalSection
	GlobalSection(ProjectConfigurationPlatforms) = postSolution
		{1BCE0C96-7F2D-4979-94EC-185298C8CA4D}.Debug|Any CPU.ActiveCfg = Debug|Any CPU
		{1BCE0C96-7F2D-4979-94EC-185298C8CA4D}.Debug|Any CPU.Build.0 = Debug|Any CPU
		{1BCE0C96-7F2D-4979-94EC-185298C8CA4D}.Release|Any CPU.ActiveCfg = Release|Any CPU
		{1BCE0C96-7F2D-4979-94EC-185298C8CA4D}.Release|Any CPU.Build.0 = Release|Any CPU
		{7C248D66-701B-42B2-A4C0-B0026CA3A56A}.Debug|Any CPU.ActiveCfg = Debug|Any CPU
		{7C248D66-701B-42B2-A4C0-B0026CA3A56A}.Debug|Any CPU.Build.0 = Debug|Any CPU
		{7C248D66-701B-42B2-A4C0-B0026CA3A56A}.Release|Any CPU.ActiveCfg = Release|Any CPU
		{7C248D66-701B-42B2-A4C0-B0026CA3A56A}.Release|Any CPU.Build.0 = Release|Any CPU
	EndGlobalSection
EndGlobal
